
Microsoft Visual Studio Solution File, Format Version 12.00
# Visual Studio Version 16
VisualStudioVersion = 16.0.31105.61
MinimumVisualStudioVersion = 10.0.40219.1
Project("{9A19103F-16F7-4668-BE54-9A1E7A4F7556}") = "RocketLandingApp", "RocketLandingApp\RocketLandingApp.csproj", "{85D40A84-0229-4D93-BFE9-8DC4353C7350}"
EndProject
Project("{9A19103F-16F7-4668-BE54-9A1E7A4F7556}") = "RocketLandingApp.Test", "RocketLandingApp.Test\RocketLandingApp.Test.csproj", "{85960637-E4BA-4BAD-AFF8-893429CBDAF9}"
EndProject
Project("{FAE04EC0-301F-11D3-BF4B-00C04F79EFBC}") = "es.com.RockectApp", "com.RockectApp\es.com.RockectApp.csproj", "{D2A76C74-2156-41CE-95E1-C6D6CF0DB5BE}"
EndProject
Global
	GlobalSection(SolutionConfigurationPlatforms) = preSolution
		Debug|Any CPU = Debug|Any CPU
		Release|Any CPU = Release|Any CPU
	EndGlobalSection
	GlobalSection(ProjectConfigurationPlatforms) = postSolution
		{85D40A84-0229-4D93-BFE9-8DC4353C7350}.Debug|Any CPU.ActiveCfg = Debug|Any CPU
		{85D40A84-0229-4D93-BFE9-8DC4353C7350}.Debug|Any CPU.Build.0 = Debug|Any CPU
		{85D40A84-0229-4D93-BFE9-8DC4353C7350}.Release|Any CPU.ActiveCfg = Release|Any CPU
		{85D40A84-0229-4D93-BFE9-8DC4353C7350}.Release|Any CPU.Build.0 = Release|Any CPU
		{85960637-E4BA-4BAD-AFF8-893429CBDAF9}.Debug|Any CPU.ActiveCfg = Debug|Any CPU
		{85960637-E4BA-4BAD-AFF8-893429CBDAF9}.Debug|Any CPU.Build.0 = Debug|Any CPU
		{85960637-E4BA-4BAD-AFF8-893429CBDAF9}.Release|Any CPU.ActiveCfg = Release|Any CPU
		{85960637-E4BA-4BAD-AFF8-893429CBDAF9}.Release|Any CPU.Build.0 = Release|Any CPU
		{D2A76C74-2156-41CE-95E1-C6D6CF0DB5BE}.Debug|Any CPU.ActiveCfg = Debug|Any CPU
		{D2A76C74-2156-41CE-95E1-C6D6CF0DB5BE}.Debug|Any CPU.Build.0 = Debug|Any CPU
		{D2A76C74-2156-41CE-95E1-C6D6CF0DB5BE}.Release|Any CPU.ActiveCfg = Release|Any CPU
		{D2A76C74-2156-41CE-95E1-C6D6CF0DB5BE}.Release|Any CPU.Build.0 = Release|Any CPU
	EndGlobalSection
	GlobalSection(SolutionProperties) = preSolution
		HideSolutionNode = FALSE
	EndGlobalSection
	GlobalSection(ExtensibilityGlobals) = postSolution
		SolutionGuid = {B761A3C0-4899-4353-BEB7-A290C3DFE382}
	EndGlobalSection
EndGlobal
